
Microsoft Visual Studio Solution File, Format Version 12.00
# Visual Studio Version 16
VisualStudioVersion = 16.0.31205.134
MinimumVisualStudioVersion = 10.0.40219.1
Project("{FAE04EC0-301F-11D3-BF4B-00C04F79EFBC}") = "ConsoleApp1", "ConsoleApp1.csproj", "{5FCB150B-85C0-4A34-9255-2841142DDE37}"
EndProject
Project("{FAE04EC0-301F-11D3-BF4B-00C04F79EFBC}") = "ConsoleApp2", "..\ConsoleApp2\ConsoleApp2.csproj", "{05785E39-3937-4772-A2FE-ED654ED9228F}"
EndProject
Global
	GlobalSection(SolutionConfigurationPlatforms) = preSolution
		Debug|Any CPU = Debug|Any CPU
		Release|Any CPU = Release|Any CPU
	EndGlobalSection
	GlobalSection(ProjectConfigurationPlatforms) = postSolution
		{5FCB150B-85C0-4A34-9255-2841142DDE37}.Debug|Any CPU.ActiveCfg = Debug|Any CPU
		{5FCB150B-85C0-4A34-9255-2841142DDE37}.Debug|Any CPU.Build.0 = Debug|Any CPU
		{5FCB150B-85C0-4A34-9255-2841142DDE37}.Release|Any CPU.ActiveCfg = Release|Any CPU
		{5FCB150B-85C0-4A34-9255-2841142DDE37}.Release|Any CPU.Build.0 = Release|Any CPU
		{05785E39-3937-4772-A2FE-ED654ED9228F}.Debug|Any CPU.ActiveCfg = Debug|Any CPU
		{05785E39-3937-4772-A2FE-ED654ED9228F}.Debug|Any CPU.Build.0 = Debug|Any CPU
		{05785E39-3937-4772-A2FE-ED654ED9228F}.Release|Any CPU.ActiveCfg = Release|Any CPU
		{05785E39-3937-4772-A2FE-ED654ED9228F}.Release|Any CPU.Build.0 = Release|Any CPU
	EndGlobalSection
	GlobalSection(SolutionProperties) = preSolution
		HideSolutionNode = FALSE
	EndGlobalSection
	GlobalSection(ExtensibilityGlobals) = postSolution
		SolutionGuid = {3B3BBE70-BB78-414A-9063-52B5C67C8278}
	EndGlobalSection
EndGlobal
